{
    "name": "jubatus",
    "version": "0.0.2",
    "lockfileVersion": 2,
    "requires": true,
    "packages": {
        "": {
            "name": "jubatus",
            "version": "0.0.2",
            "license": "ISC",
            "engines": {
                "node": ">= 18.9.0",
                "npm": ">=8.19.1"
            }
        }
    }
}
